
Microsoft Visual Studio Solution File, Format Version 12.00
# Visual Studio Version 17
VisualStudioVersion = 17.2.32630.192
MinimumVisualStudioVersion = 10.0.40219.1
Project("{FAE04EC0-301F-11D3-BF4B-00C04F79EFBC}") = "PracticeApp", "PracticeApp\PracticeApp.csproj", "{22FDD945-3DE4-45EA-871F-323826E0F9B9}"
EndProject
Global
	GlobalSection(SolutionConfigurationPlatforms) = preSolution
		Debug|Any CPU = Debug|Any CPU
		Release|Any CPU = Release|Any CPU
	EndGlobalSection
	GlobalSection(ProjectConfigurationPlatforms) = postSolution
		{22FDD945-3DE4-45EA-871F-323826E0F9B9}.Debug|Any CPU.ActiveCfg = Debug|Any CPU
		{22FDD945-3DE4-45EA-871F-323826E0F9B9}.Debug|Any CPU.Build.0 = Debug|Any CPU
		{22FDD945-3DE4-45EA-871F-323826E0F9B9}.Release|Any CPU.ActiveCfg = Release|Any CPU
		{22FDD945-3DE4-45EA-871F-323826E0F9B9}.Release|Any CPU.Build.0 = Release|Any CPU
	EndGlobalSection
	GlobalSection(SolutionProperties) = preSolution
		HideSolutionNode = FALSE
	EndGlobalSection
	GlobalSection(ExtensibilityGlobals) = postSolution
		SolutionGuid = {B69541E2-AFAC-4DA4-98EE-1A4FDBBCFDA7}
	EndGlobalSection
EndGlobal
